{
  "originHash" : "9a834b8449dad623fbef1b61b220b21b030d243c4bed8b1bdce7fe578bd326c7",
  "pins" : [
    {
      "identity" : "elementary",
      "kind" : "remoteSourceControl",
      "location" : "https://github.com/elementary-swift/elementary.git",
      "state" : {
        "revision" : "37b26923e73156f524b52e649855277bc7ead2c2",
        "version" : "0.7.1"
      }
    },
    {
      "identity" : "swift-syntax",
      "kind" : "remoteSourceControl",
      "location" : "https://github.com/swiftlang/swift-syntax",
      "state" : {
        "revision" : "4799286537280063c85a32f09884cfbca301b1a1",
        "version" : "602.0.0"
      }
    }
  ],
  "version" : 3
}
